// !$*UTF8*$!
{
	archiveVersion = 1;
	classes = {
	};
	objectVersion = 56;
	objects = {

/* Begin PBXBuildFile section */
		12C11F463ADF5A27685AF484 /* Pods_Final_exerciseTests.framework in Frameworks */ = {isa = PBXBuildFile; fileRef = FCF3EC06FB7059DE2151049A /* Pods_Final_exerciseTests.framework */; };
		5483AF7629ABA6CF00B4C323 /* UserTableViewController.swift in Sources */ = {isa = PBXBuildFile; fileRef = 5483AF7529ABA6CF00B4C323 /* UserTableViewController.swift */; };
		5483AF7B29ABA8B700B4C323 /* UserTableViewCell.swift in Sources */ = {isa = PBXBuildFile; fileRef = 5483AF7A29ABA8B700B4C323 /* UserTableViewCell.swift */; };
		54A802E929A7042100935E68 /* AppDelegate.swift in Sources */ = {isa = PBXBuildFile; fileRef = 54A802E829A7042100935E68 /* AppDelegate.swift */; };
		54A802EB29A7042100935E68 /* SceneDelegate.swift in Sources */ = {isa = PBXBuildFile; fileRef = 54A802EA29A7042100935E68 /* SceneDelegate.swift */; };
		54A802ED29A7042100935E68 /* ViewController.swift in Sources */ = {isa = PBXBuildFile; fileRef = 54A802EC29A7042100935E68 /* ViewController.swift */; };
		54A802F029A7042100935E68 /* Main.storyboard in Resources */ = {isa = PBXBuildFile; fileRef = 54A802EE29A7042100935E68 /* Main.storyboard */; };
		54A802F229A7042200935E68 /* Assets.xcassets in Resources */ = {isa = PBXBuildFile; fileRef = 54A802F129A7042200935E68 /* Assets.xcassets */; };
		54A802F529A7042200935E68 /* LaunchScreen.storyboard in Resources */ = {isa = PBXBuildFile; fileRef = 54A802F329A7042200935E68 /* LaunchScreen.storyboard */; };
		54A8030029A7042200935E68 /* Final_exerciseTests.swift in Sources */ = {isa = PBXBuildFile; fileRef = 54A802FF29A7042200935E68 /* Final_exerciseTests.swift */; };
		54A8030A29A7042200935E68 /* Final_exerciseUITests.swift in Sources */ = {isa = PBXBuildFile; fileRef = 54A8030929A7042200935E68 /* Final_exerciseUITests.swift */; };
		54A8030C29A7042200935E68 /* Final_exerciseUITestsLaunchTests.swift in Sources */ = {isa = PBXBuildFile; fileRef = 54A8030B29A7042200935E68 /* Final_exerciseUITestsLaunchTests.swift */; };
		54C367B629AC41A000E31079 /* UserApi.swift in Sources */ = {isa = PBXBuildFile; fileRef = 54C367B529AC41A000E31079 /* UserApi.swift */; };
		54C367B829AC656800E31079 /* User.swift in Sources */ = {isa = PBXBuildFile; fileRef = 54C367B729AC656800E31079 /* User.swift */; };
		54C367BA29AC659E00E31079 /* Detail.swift in Sources */ = {isa = PBXBuildFile; fileRef = 54C367B929AC659E00E31079 /* Detail.swift */; };
		54C367BE29AC985800E31079 /* UserDetailViewController.swift in Sources */ = {isa = PBXBuildFile; fileRef = 54C367BD29AC985800E31079 /* UserDetailViewController.swift */; };
		AABBCC9924629EF34D150DFE /* Pods_Final_exercise.framework in Frameworks */ = {isa = PBXBuildFile; fileRef = 728486224836F8ACD74A3A03 /* Pods_Final_exercise.framework */; };
		AB542F0D7DF0C2E626C56685 /* Pods_Final_exercise_Final_exerciseUITests.framework in Frameworks */ = {isa = PBXBuildFile; fileRef = EA5A7C01770EA098D2749133 /* Pods_Final_exercise_Final_exerciseUITests.framework */; };
/* End PBXBuildFile section */

/* Begin PBXContainerItemProxy section */
		54A802FC29A7042200935E68 /* PBXContainerItemProxy */ = {
			isa = PBXContainerItemProxy;
			containerPortal = 54A802DD29A7042000935E68 /* Project object */;
			proxyType = 1;
			remoteGlobalIDString = 54A802E429A7042100935E68;
			remoteInfo = Final_exercise;
		};
		54A8030629A7042200935E68 /* PBXContainerItemProxy */ = {
			isa = PBXContainerItemProxy;
			containerPortal = 54A802DD29A7042000935E68 /* Project object */;
			proxyType = 1;
			remoteGlobalIDString = 54A802E429A7042100935E68;
			remoteInfo = Final_exercise;
		};
/* End PBXContainerItemProxy section */

/* Begin PBXFileReference section */
		06B82F53D67CAC3696EE16C7 /* Pods-Final_exercise.debug.xcconfig */ = {isa = PBXFileReference; includeInIndex = 1; lastKnownFileType = text.xcconfig; name = "Pods-Final_exercise.debug.xcconfig"; path = "Target Support Files/Pods-Final_exercise/Pods-Final_exercise.debug.xcconfig"; sourceTree = "<group>"; };
		34058E177087AEA3F1FDF2A1 /* Pods-Final_exercise-Final_exerciseUITests.debug.xcconfig */ = {isa = PBXFileReference; includeInIndex = 1; lastKnownFileType = text.xcconfig; name = "Pods-Final_exercise-Final_exerciseUITests.debug.xcconfig"; path = "Target Support Files/Pods-Final_exercise-Final_exerciseUITests/Pods-Final_exercise-Final_exerciseUITests.debug.xcconfig"; sourceTree = "<group>"; };
		5483AF7529ABA6CF00B4C323 /* UserTableViewController.swift */ = {isa = PBXFileReference; lastKnownFileType = sourcecode.swift; path = UserTableViewController.swift; sourceTree = "<group>"; };
		5483AF7A29ABA8B700B4C323 /* UserTableViewCell.swift */ = {isa = PBXFileReference; lastKnownFileType = sourcecode.swift; path = UserTableViewCell.swift; sourceTree = "<group>"; };
		54A802E529A7042100935E68 /* Final_exercise.app */ = {isa = PBXFileReference; explicitFileType = wrapper.application; includeInIndex = 0; path = Final_exercise.app; sourceTree = BUILT_PRODUCTS_DIR; };
		54A802E829A7042100935E68 /* AppDelegate.swift */ = {isa = PBXFileReference; lastKnownFileType = sourcecode.swift; path = AppDelegate.swift; sourceTree = "<group>"; };
		54A802EA29A7042100935E68 /* SceneDelegate.swift */ = {isa = PBXFileReference; lastKnownFileType = sourcecode.swift; path = SceneDelegate.swift; sourceTree = "<group>"; };
		54A802EC29A7042100935E68 /* ViewController.swift */ = {isa = PBXFileReference; lastKnownFileType = sourcecode.swift; path = ViewController.swift; sourceTree = "<group>"; };
		54A802EF29A7042100935E68 /* Base */ = {isa = PBXFileReference; lastKnownFileType = file.storyboard; name = Base; path = Base.lproj/Main.storyboard; sourceTree = "<group>"; };
		54A802F129A7042200935E68 /* Assets.xcassets */ = {isa = PBXFileReference; lastKnownFileType = folder.assetcatalog; path = Assets.xcassets; sourceTree = "<group>"; };
		54A802F429A7042200935E68 /* Base */ = {isa = PBXFileReference; lastKnownFileType = file.storyboard; name = Base; path = Base.lproj/LaunchScreen.storyboard; sourceTree = "<group>"; };
		54A802F629A7042200935E68 /* Info.plist */ = {isa = PBXFileReference; lastKnownFileType = text.plist.xml; path = Info.plist; sourceTree = "<group>"; };
		54A802FB29A7042200935E68 /* Final_exerciseTests.xctest */ = {isa = PBXFileReference; explicitFileType = wrapper.cfbundle; includeInIndex = 0; path = Final_exerciseTests.xctest; sourceTree = BUILT_PRODUCTS_DIR; };
		54A802FF29A7042200935E68 /* Final_exerciseTests.swift */ = {isa = PBXFileReference; lastKnownFileType = sourcecode.swift; path = Final_exerciseTests.swift; sourceTree = "<group>"; };
		54A8030529A7042200935E68 /* Final_exerciseUITests.xctest */ = {isa = PBXFileReference; explicitFileType = wrapper.cfbundle; includeInIndex = 0; path = Final_exerciseUITests.xctest; sourceTree = BUILT_PRODUCTS_DIR; };
		54A8030929A7042200935E68 /* Final_exerciseUITests.swift */ = {isa = PBXFileReference; lastKnownFileType = sourcecode.swift; path = Final_exerciseUITests.swift; sourceTree = "<group>"; };
		54A8030B29A7042200935E68 /* Final_exerciseUITestsLaunchTests.swift */ = {isa = PBXFileReference; lastKnownFileType = sourcecode.swift; path = Final_exerciseUITestsLaunchTests.swift; sourceTree = "<group>"; };
		54C367B529AC41A000E31079 /* UserApi.swift */ = {isa = PBXFileReference; lastKnownFileType = sourcecode.swift; path = UserApi.swift; sourceTree = "<group>"; };
		54C367B729AC656800E31079 /* User.swift */ = {isa = PBXFileReference; lastKnownFileType = sourcecode.swift; path = User.swift; sourceTree = "<group>"; };
		54C367B929AC659E00E31079 /* Detail.swift */ = {isa = PBXFileReference; lastKnownFileType = sourcecode.swift; path = Detail.swift; sourceTree = "<group>"; };
		54C367BD29AC985800E31079 /* UserDetailViewController.swift */ = {isa = PBXFileReference; lastKnownFileType = sourcecode.swift; path = UserDetailViewController.swift; sourceTree = "<group>"; };
		671A577CDA7BBC75CC0CFBCB /* Pods-Final_exerciseTests.debug.xcconfig */ = {isa = PBXFileReference; includeInIndex = 1; lastKnownFileType = text.xcconfig; name = "Pods-Final_exerciseTests.debug.xcconfig"; path = "Target Support Files/Pods-Final_exerciseTests/Pods-Final_exerciseTests.debug.xcconfig"; sourceTree = "<group>"; };
		728486224836F8ACD74A3A03 /* Pods_Final_exercise.framework */ = {isa = PBXFileReference; explicitFileType = wrapper.framework; includeInIndex = 0; path = Pods_Final_exercise.framework; sourceTree = BUILT_PRODUCTS_DIR; };
		7A15CA420FF6581CEB1024D3 /* Pods-Final_exercise-Final_exerciseUITests.release.xcconfig */ = {isa = PBXFileReference; includeInIndex = 1; lastKnownFileType = text.xcconfig; name = "Pods-Final_exercise-Final_exerciseUITests.release.xcconfig"; path = "Target Support Files/Pods-Final_exercise-Final_exerciseUITests/Pods-Final_exercise-Final_exerciseUITests.release.xcconfig"; sourceTree = "<group>"; };
		9C58C904854E46DCC8F57F37 /* Pods-Final_exercise.release.xcconfig */ = {isa = PBXFileReference; includeInIndex = 1; lastKnownFileType = text.xcconfig; name = "Pods-Final_exercise.release.xcconfig"; path = "Target Support Files/Pods-Final_exercise/Pods-Final_exercise.release.xcconfig"; sourceTree = "<group>"; };
		E90BD87CB987621FC2C29C02 /* Pods-Final_exerciseTests.release.xcconfig */ = {isa = PBXFileReference; includeInIndex = 1; lastKnownFileType = text.xcconfig; name = "Pods-Final_exerciseTests.release.xcconfig"; path = "Target Support Files/Pods-Final_exerciseTests/Pods-Final_exerciseTests.release.xcconfig"; sourceTree = "<group>"; };
		EA5A7C01770EA098D2749133 /* Pods_Final_exercise_Final_exerciseUITests.framework */ = {isa = PBXFileReference; explicitFileType = wrapper.framework; includeInIndex = 0; path = Pods_Final_exercise_Final_exerciseUITests.framework; sourceTree = BUILT_PRODUCTS_DIR; };
		FCF3EC06FB7059DE2151049A /* Pods_Final_exerciseTests.framework */ = {isa = PBXFileReference; explicitFileType = wrapper.framework; includeInIndex = 0; path = Pods_Final_exerciseTests.framework; sourceTree = BUILT_PRODUCTS_DIR; };
/* End PBXFileReference section */

/* Begin PBXFrameworksBuildPhase section */
		54A802E229A7042100935E68 /* Frameworks */ = {
			isa = PBXFrameworksBuildPhase;
			buildActionMask = 2147483647;
			files = (
				AABBCC9924629EF34D150DFE /* Pods_Final_exercise.framework in Frameworks */,
			);
			runOnlyForDeploymentPostprocessing = 0;
		};
		54A802F829A7042200935E68 /* Frameworks */ = {
			isa = PBXFrameworksBuildPhase;
			buildActionMask = 2147483647;
			files = (
				12C11F463ADF5A27685AF484 /* Pods_Final_exerciseTests.framework in Frameworks */,
			);
			runOnlyForDeploymentPostprocessing = 0;
		};
		54A8030229A7042200935E68 /* Frameworks */ = {
			isa = PBXFrameworksBuildPhase;
			buildActionMask = 2147483647;
			files = (
				AB542F0D7DF0C2E626C56685 /* Pods_Final_exercise_Final_exerciseUITests.framework in Frameworks */,
			);
			runOnlyForDeploymentPostprocessing = 0;
		};
/* End PBXFrameworksBuildPhase section */

/* Begin PBXGroup section */
		543C877A29A72A95000F4679 /* Model */ = {
			isa = PBXGroup;
			children = (
				54C367B729AC656800E31079 /* User.swift */,
				54C367B929AC659E00E31079 /* Detail.swift */,
			);
			path = Model;
			sourceTree = "<group>";
		};
		5483AF7729ABA7F400B4C323 /* API */ = {
			isa = PBXGroup;
			children = (
				54C367B529AC41A000E31079 /* UserApi.swift */,
			);
			path = API;
			sourceTree = "<group>";
		};
		54A802DC29A7042000935E68 = {
			isa = PBXGroup;
			children = (
				54A802E729A7042100935E68 /* Final_exercise */,
				54A802FE29A7042200935E68 /* Final_exerciseTests */,
				54A8030829A7042200935E68 /* Final_exerciseUITests */,
				54A802E629A7042100935E68 /* Products */,
				D7CD47E8FF69B9258DC774FF /* Pods */,
				E95F4BE072356AEADAD47135 /* Frameworks */,
			);
			sourceTree = "<group>";
		};
		54A802E629A7042100935E68 /* Products */ = {
			isa = PBXGroup;
			children = (
				54A802E529A7042100935E68 /* Final_exercise.app */,
				54A802FB29A7042200935E68 /* Final_exerciseTests.xctest */,
				54A8030529A7042200935E68 /* Final_exerciseUITests.xctest */,
			);
			name = Products;
			sourceTree = "<group>";
		};
		54A802E729A7042100935E68 /* Final_exercise */ = {
			isa = PBXGroup;
			children = (
				5483AF7729ABA7F400B4C323 /* API */,
				543C877A29A72A95000F4679 /* Model */,
				54A802E829A7042100935E68 /* AppDelegate.swift */,
				54A802EA29A7042100935E68 /* SceneDelegate.swift */,
				54A802EC29A7042100935E68 /* ViewController.swift */,
				54A802EE29A7042100935E68 /* Main.storyboard */,
				54A802F129A7042200935E68 /* Assets.xcassets */,
				54A802F329A7042200935E68 /* LaunchScreen.storyboard */,
				54A802F629A7042200935E68 /* Info.plist */,
				5483AF7529ABA6CF00B4C323 /* UserTableViewController.swift */,
				5483AF7A29ABA8B700B4C323 /* UserTableViewCell.swift */,
				54C367BD29AC985800E31079 /* UserDetailViewController.swift */,
			);
			path = Final_exercise;
			sourceTree = "<group>";
		};
		54A802FE29A7042200935E68 /* Final_exerciseTests */ = {
			isa = PBXGroup;
			children = (
				54A802FF29A7042200935E68 /* Final_exerciseTests.swift */,
			);
			path = Final_exerciseTests;
			sourceTree = "<group>";
		};
		54A8030829A7042200935E68 /* Final_exerciseUITests */ = {
			isa = PBXGroup;
			children = (
				54A8030929A7042200935E68 /* Final_exerciseUITests.swift */,
				54A8030B29A7042200935E68 /* Final_exerciseUITestsLaunchTests.swift */,
			);
			path = Final_exerciseUITests;
			sourceTree = "<group>";
		};
		D7CD47E8FF69B9258DC774FF /* Pods */ = {
			isa = PBXGroup;
			children = (
				06B82F53D67CAC3696EE16C7 /* Pods-Final_exercise.debug.xcconfig */,
				9C58C904854E46DCC8F57F37 /* Pods-Final_exercise.release.xcconfig */,
				34058E177087AEA3F1FDF2A1 /* Pods-Final_exercise-Final_exerciseUITests.debug.xcconfig */,
				7A15CA420FF6581CEB1024D3 /* Pods-Final_exercise-Final_exerciseUITests.release.xcconfig */,
				671A577CDA7BBC75CC0CFBCB /* Pods-Final_exerciseTests.debug.xcconfig */,
				E90BD87CB987621FC2C29C02 /* Pods-Final_exerciseTests.release.xcconfig */,
			);
			path = Pods;
			sourceTree = "<group>";
		};
		E95F4BE072356AEADAD47135 /* Frameworks */ = {
			isa = PBXGroup;
			children = (
				728486224836F8ACD74A3A03 /* Pods_Final_exercise.framework */,
				EA5A7C01770EA098D2749133 /* Pods_Final_exercise_Final_exerciseUITests.framework */,
				FCF3EC06FB7059DE2151049A /* Pods_Final_exerciseTests.framework */,
			);
			name = Frameworks;
			sourceTree = "<group>";
		};
/* End PBXGroup section */

/* Begin PBXNativeTarget section */
		54A802E429A7042100935E68 /* Final_exercise */ = {
			isa = PBXNativeTarget;
			buildConfigurationList = 54A8030F29A7042200935E68 /* Build configuration list for PBXNativeTarget "Final_exercise" */;
			buildPhases = (
				547D5CC5F99B7BAA9AC68A7D /* [CP] Check Pods Manifest.lock */,
				54A802E129A7042100935E68 /* Sources */,
				54A802E229A7042100935E68 /* Frameworks */,
				54A802E329A7042100935E68 /* Resources */,
				710F71E9BD5D9A000BA943BB /* [CP] Embed Pods Frameworks */,
			);
			buildRules = (
			);
			dependencies = (
			);
			name = Final_exercise;
			productName = Final_exercise;
			productReference = 54A802E529A7042100935E68 /* Final_exercise.app */;
			productType = "com.apple.product-type.application";
		};
		54A802FA29A7042200935E68 /* Final_exerciseTests */ = {
			isa = PBXNativeTarget;
			buildConfigurationList = 54A8031229A7042200935E68 /* Build configuration list for PBXNativeTarget "Final_exerciseTests" */;
			buildPhases = (
				B0B6F629E8D105F980B71411 /* [CP] Check Pods Manifest.lock */,
				54A802F729A7042200935E68 /* Sources */,
				54A802F829A7042200935E68 /* Frameworks */,
				54A802F929A7042200935E68 /* Resources */,
			);
			buildRules = (
			);
			dependencies = (
				54A802FD29A7042200935E68 /* PBXTargetDependency */,
			);
			name = Final_exerciseTests;
			productName = Final_exerciseTests;
			productReference = 54A802FB29A7042200935E68 /* Final_exerciseTests.xctest */;
			productType = "com.apple.product-type.bundle.unit-test";
		};
		54A8030429A7042200935E68 /* Final_exerciseUITests */ = {
			isa = PBXNativeTarget;
			buildConfigurationList = 54A8031529A7042200935E68 /* Build configuration list for PBXNativeTarget "Final_exerciseUITests" */;
			buildPhases = (
				BA254EA2BB2C3C04CC40F661 /* [CP] Check Pods Manifest.lock */,
				54A8030129A7042200935E68 /* Sources */,
				54A8030229A7042200935E68 /* Frameworks */,
				54A8030329A7042200935E68 /* Resources */,
				8A0226C6E753821AA4A10248 /* [CP] Embed Pods Frameworks */,
			);
			buildRules = (
			);
			dependencies = (
				54A8030729A7042200935E68 /* PBXTargetDependency */,
			);
			name = Final_exerciseUITests;
			productName = Final_exerciseUITests;
			productReference = 54A8030529A7042200935E68 /* Final_exerciseUITests.xctest */;
			productType = "com.apple.product-type.bundle.ui-testing";
		};
/* End PBXNativeTarget section */

/* Begin PBXProject section */
		54A802DD29A7042000935E68 /* Project object */ = {
			isa = PBXProject;
			attributes = {
				BuildIndependentTargetsInParallel = 1;
				LastSwiftUpdateCheck = 1400;
				LastUpgradeCheck = 1400;
				TargetAttributes = {
					54A802E429A7042100935E68 = {
						CreatedOnToolsVersion = 14.0.1;
					};
					54A802FA29A7042200935E68 = {
						CreatedOnToolsVersion = 14.0.1;
						TestTargetID = 54A802E429A7042100935E68;
					};
					54A8030429A7042200935E68 = {
						CreatedOnToolsVersion = 14.0.1;
						TestTargetID = 54A802E429A7042100935E68;
					};
				};
			};
			buildConfigurationList = 54A802E029A7042000935E68 /* Build configuration list for PBXProject "Final_exercise" */;
			compatibilityVersion = "Xcode 14.0";
			developmentRegion = en;
			hasScannedForEncodings = 0;
			knownRegions = (
				en,
				Base,
			);
			mainGroup = 54A802DC29A7042000935E68;
			productRefGroup = 54A802E629A7042100935E68 /* Products */;
			projectDirPath = "";
			projectRoot = "";
			targets = (
				54A802E429A7042100935E68 /* Final_exercise */,
				54A802FA29A7042200935E68 /* Final_exerciseTests */,
				54A8030429A7042200935E68 /* Final_exerciseUITests */,
			);
		};
/* End PBXProject section */

/* Begin PBXResourcesBuildPhase section */
		54A802E329A7042100935E68 /* Resources */ = {
			isa = PBXResourcesBuildPhase;
			buildActionMask = 2147483647;
			files = (
				54A802F529A7042200935E68 /* LaunchScreen.storyboard in Resources */,
				54A802F229A7042200935E68 /* Assets.xcassets in Resources */,
				54A802F029A7042100935E68 /* Main.storyboard in Resources */,
			);
			runOnlyForDeploymentPostprocessing = 0;
		};
		54A802F929A7042200935E68 /* Resources */ = {
			isa = PBXResourcesBuildPhase;
			buildActionMask = 2147483647;
			files = (
			);
			runOnlyForDeploymentPostprocessing = 0;
		};
		54A8030329A7042200935E68 /* Resources */ = {
			isa = PBXResourcesBuildPhase;
			buildActionMask = 2147483647;
			files = (
			);
			runOnlyForDeploymentPostprocessing = 0;
		};
/* End PBXResourcesBuildPhase section */

/* Begin PBXShellScriptBuildPhase section */
		547D5CC5F99B7BAA9AC68A7D /* [CP] Check Pods Manifest.lock */ = {
			isa = PBXShellScriptBuildPhase;
			buildActionMask = 2147483647;
			files = (
			);
			inputFileListPaths = (
			);
			inputPaths = (
				"${PODS_PODFILE_DIR_PATH}/Podfile.lock",
				"${PODS_ROOT}/Manifest.lock",
			);
			name = "[CP] Check Pods Manifest.lock";
			outputFileListPaths = (
			);
			outputPaths = (
				"$(DERIVED_FILE_DIR)/Pods-Final_exercise-checkManifestLockResult.txt",
			);
			runOnlyForDeploymentPostprocessing = 0;
			shellPath = /bin/sh;
			shellScript = "diff \"${PODS_PODFILE_DIR_PATH}/Podfile.lock\" \"${PODS_ROOT}/Manifest.lock\" > /dev/null\nif [ $? != 0 ] ; then\n    # print error to STDERR\n    echo \"error: The sandbox is not in sync with the Podfile.lock. Run 'pod install' or update your CocoaPods installation.\" >&2\n    exit 1\nfi\n# This output is used by Xcode 'outputs' to avoid re-running this script phase.\necho \"SUCCESS\" > \"${SCRIPT_OUTPUT_FILE_0}\"\n";
			showEnvVarsInLog = 0;
		};
		710F71E9BD5D9A000BA943BB /* [CP] Embed Pods Frameworks */ = {
			isa = PBXShellScriptBuildPhase;
			buildActionMask = 2147483647;
			files = (
			);
			inputFileListPaths = (
				"${PODS_ROOT}/Target Support Files/Pods-Final_exercise/Pods-Final_exercise-frameworks-${CONFIGURATION}-input-files.xcfilelist",
			);
			name = "[CP] Embed Pods Frameworks";
			outputFileListPaths = (
				"${PODS_ROOT}/Target Support Files/Pods-Final_exercise/Pods-Final_exercise-frameworks-${CONFIGURATION}-output-files.xcfilelist",
			);
			runOnlyForDeploymentPostprocessing = 0;
			shellPath = /bin/sh;
			shellScript = "\"${PODS_ROOT}/Target Support Files/Pods-Final_exercise/Pods-Final_exercise-frameworks.sh\"\n";
			showEnvVarsInLog = 0;
		};
		8A0226C6E753821AA4A10248 /* [CP] Embed Pods Frameworks */ = {
			isa = PBXShellScriptBuildPhase;
			buildActionMask = 2147483647;
			files = (
			);
			inputFileListPaths = (
				"${PODS_ROOT}/Target Support Files/Pods-Final_exercise-Final_exerciseUITests/Pods-Final_exercise-Final_exerciseUITests-frameworks-${CONFIGURATION}-input-files.xcfilelist",
			);
			name = "[CP] Embed Pods Frameworks";
			outputFileListPaths = (
				"${PODS_ROOT}/Target Support Files/Pods-Final_exercise-Final_exerciseUITests/Pods-Final_exercise-Final_exerciseUITests-frameworks-${CONFIGURATION}-output-files.xcfilelist",
			);
			runOnlyForDeploymentPostprocessing = 0;
			shellPath = /bin/sh;
			shellScript = "\"${PODS_ROOT}/Target Support Files/Pods-Final_exercise-Final_exerciseUITests/Pods-Final_exercise-Final_exerciseUITests-frameworks.sh\"\n";
			showEnvVarsInLog = 0;
		};
		B0B6F629E8D105F980B71411 /* [CP] Check Pods Manifest.lock */ = {
			isa = PBXShellScriptBuildPhase;
			buildActionMask = 2147483647;
			files = (
			);
			inputFileListPaths = (
			);
			inputPaths = (
				"${PODS_PODFILE_DIR_PATH}/Podfile.lock",
				"${PODS_ROOT}/Manifest.lock",
			);
			name = "[CP] Check Pods Manifest.lock";
			outputFileListPaths = (
			);
			outputPaths = (
				"$(DERIVED_FILE_DIR)/Pods-Final_exerciseTests-checkManifestLockResult.txt",
			);
			runOnlyForDeploymentPostprocessing = 0;
			shellPath = /bin/sh;
			shellScript = "diff \"${PODS_PODFILE_DIR_PATH}/Podfile.lock\" \"${PODS_ROOT}/Manifest.lock\" > /dev/null\nif [ $? != 0 ] ; then\n    # print error to STDERR\n    echo \"error: The sandbox is not in sync with the Podfile.lock. Run 'pod install' or update your CocoaPods installation.\" >&2\n    exit 1\nfi\n# This output is used by Xcode 'outputs' to avoid re-running this script phase.\necho \"SUCCESS\" > \"${SCRIPT_OUTPUT_FILE_0}\"\n";
			showEnvVarsInLog = 0;
		};
		BA254EA2BB2C3C04CC40F661 /* [CP] Check Pods Manifest.lock */ = {
			isa = PBXShellScriptBuildPhase;
			buildActionMask = 2147483647;
			files = (
			);
			inputFileListPaths = (
			);
			inputPaths = (
				"${PODS_PODFILE_DIR_PATH}/Podfile.lock",
				"${PODS_ROOT}/Manifest.lock",
			);
			name = "[CP] Check Pods Manifest.lock";
			outputFileListPaths = (
			);
			outputPaths = (
				"$(DERIVED_FILE_DIR)/Pods-Final_exercise-Final_exerciseUITests-checkManifestLockResult.txt",
			);
			runOnlyForDeploymentPostprocessing = 0;
			shellPath = /bin/sh;
			shellScript = "diff \"${PODS_PODFILE_DIR_PATH}/Podfile.lock\" \"${PODS_ROOT}/Manifest.lock\" > /dev/null\nif [ $? != 0 ] ; then\n    # print error to STDERR\n    echo \"error: The sandbox is not in sync with the Podfile.lock. Run 'pod install' or update your CocoaPods installation.\" >&2\n    exit 1\nfi\n# This output is used by Xcode 'outputs' to avoid re-running this script phase.\necho \"SUCCESS\" > \"${SCRIPT_OUTPUT_FILE_0}\"\n";
			showEnvVarsInLog = 0;
		};
/* End PBXShellScriptBuildPhase section */

/* Begin PBXSourcesBuildPhase section */
		54A802E129A7042100935E68 /* Sources */ = {
			isa = PBXSourcesBuildPhase;
			buildActionMask = 2147483647;
			files = (
				54C367B629AC41A000E31079 /* UserApi.swift in Sources */,
				54A802ED29A7042100935E68 /* ViewController.swift in Sources */,
				54C367BE29AC985800E31079 /* UserDetailViewController.swift in Sources */,
				54C367BA29AC659E00E31079 /* Detail.swift in Sources */,
				5483AF7B29ABA8B700B4C323 /* UserTableViewCell.swift in Sources */,
				54A802E929A7042100935E68 /* AppDelegate.swift in Sources */,
				5483AF7629ABA6CF00B4C323 /* UserTableViewController.swift in Sources */,
				54A802EB29A7042100935E68 /* SceneDelegate.swift in Sources */,
				54C367B829AC656800E31079 /* User.swift in Sources */,
			);
			runOnlyForDeploymentPostprocessing = 0;
		};
		54A802F729A7042200935E68 /* Sources */ = {
			isa = PBXSourcesBuildPhase;
			buildActionMask = 2147483647;
			files = (
				54A8030029A7042200935E68 /* Final_exerciseTests.swift in Sources */,
			);
			runOnlyForDeploymentPostprocessing = 0;
		};
		54A8030129A7042200935E68 /* Sources */ = {
			isa = PBXSourcesBuildPhase;
			buildActionMask = 2147483647;
			files = (
				54A8030A29A7042200935E68 /* Final_exerciseUITests.swift in Sources */,
				54A8030C29A7042200935E68 /* Final_exerciseUITestsLaunchTests.swift in Sources */,
			);
			runOnlyForDeploymentPostprocessing = 0;
		};
/* End PBXSourcesBuildPhase section */

/* Begin PBXTargetDependency section */
		54A802FD29A7042200935E68 /* PBXTargetDependency */ = {
			isa = PBXTargetDependency;
			target = 54A802E429A7042100935E68 /* Final_exercise */;
			targetProxy = 54A802FC29A7042200935E68 /* PBXContainerItemProxy */;
		};
		54A8030729A7042200935E68 /* PBXTargetDependency */ = {
			isa = PBXTargetDependency;
			target = 54A802E429A7042100935E68 /* Final_exercise */;
			targetProxy = 54A8030629A7042200935E68 /* PBXContainerItemProxy */;
		};
/* End PBXTargetDependency section */

/* Begin PBXVariantGroup section */
		54A802EE29A7042100935E68 /* Main.storyboard */ = {
			isa = PBXVariantGroup;
			children = (
				54A802EF29A7042100935E68 /* Base */,
			);
			name = Main.storyboard;
			sourceTree = "<group>";
		};
		54A802F329A7042200935E68 /* LaunchScreen.storyboard */ = {
			isa = PBXVariantGroup;
			children = (
				54A802F429A7042200935E68 /* Base */,
			);
			name = LaunchScreen.storyboard;
			sourceTree = "<group>";
		};
/* End PBXVariantGroup section */

/* Begin XCBuildConfiguration section */
		54A8030D29A7042200935E68 /* Debug */ = {
			isa = XCBuildConfiguration;
			buildSettings = {
				ALWAYS_SEARCH_USER_PATHS = NO;
				CLANG_ANALYZER_NONNULL = YES;
				CLANG_ANALYZER_NUMBER_OBJECT_CONVERSION = YES_AGGRESSIVE;
				CLANG_CXX_LANGUAGE_STANDARD = "gnu++20";
				CLANG_ENABLE_MODULES = YES;
				CLANG_ENABLE_OBJC_ARC = YES;
				CLANG_ENABLE_OBJC_WEAK = YES;
				CLANG_WARN_BLOCK_CAPTURE_AUTORELEASING = YES;
				CLANG_WARN_BOOL_CONVERSION = YES;
				CLANG_WARN_COMMA = YES;
				CLANG_WARN_CONSTANT_CONVERSION = YES;
				CLANG_WARN_DEPRECATED_OBJC_IMPLEMENTATIONS = YES;
				CLANG_WARN_DIRECT_OBJC_ISA_USAGE = YES_ERROR;
				CLANG_WARN_DOCUMENTATION_COMMENTS = YES;
				CLANG_WARN_EMPTY_BODY = YES;
				CLANG_WARN_ENUM_CONVERSION = YES;
				CLANG_WARN_INFINITE_RECURSION = YES;
				CLANG_WARN_INT_CONVERSION = YES;
				CLANG_WARN_NON_LITERAL_NULL_CONVERSION = YES;
				CLANG_WARN_OBJC_IMPLICIT_RETAIN_SELF = YES;
				CLANG_WARN_OBJC_LITERAL_CONVERSION = YES;
				CLANG_WARN_OBJC_ROOT_CLASS = YES_ERROR;
				CLANG_WARN_QUOTED_INCLUDE_IN_FRAMEWORK_HEADER = YES;
				CLANG_WARN_RANGE_LOOP_ANALYSIS = YES;
				CLANG_WARN_STRICT_PROTOTYPES = YES;
				CLANG_WARN_SUSPICIOUS_MOVE = YES;
				CLANG_WARN_UNGUARDED_AVAILABILITY = YES_AGGRESSIVE;
				CLANG_WARN_UNREACHABLE_CODE = YES;
				CLANG_WARN__DUPLICATE_METHOD_MATCH = YES;
				COPY_PHASE_STRIP = NO;
				DEBUG_INFORMATION_FORMAT = dwarf;
				ENABLE_STRICT_OBJC_MSGSEND = YES;
				ENABLE_TESTABILITY = YES;
				GCC_C_LANGUAGE_STANDARD = gnu11;
				GCC_DYNAMIC_NO_PIC = NO;
				GCC_NO_COMMON_BLOCKS = YES;
				GCC_OPTIMIZATION_LEVEL = 0;
				GCC_PREPROCESSOR_DEFINITIONS = (
					"DEBUG=1",
					"$(inherited)",
				);
				GCC_WARN_64_TO_32_BIT_CONVERSION = YES;
				GCC_WARN_ABOUT_RETURN_TYPE = YES_ERROR;
				GCC_WARN_UNDECLARED_SELECTOR = YES;
				GCC_WARN_UNINITIALIZED_AUTOS = YES_AGGRESSIVE;
				GCC_WARN_UNUSED_FUNCTION = YES;
				GCC_WARN_UNUSED_VARIABLE = YES;
				IPHONEOS_DEPLOYMENT_TARGET = 16.0;
				MTL_ENABLE_DEBUG_INFO = INCLUDE_SOURCE;
				MTL_FAST_MATH = YES;
				ONLY_ACTIVE_ARCH = YES;
				SDKROOT = iphoneos;
				SWIFT_ACTIVE_COMPILATION_CONDITIONS = DEBUG;
				SWIFT_OPTIMIZATION_LEVEL = "-Onone";
			};
			name = Debug;
		};
		54A8030E29A7042200935E68 /* Release */ = {
			isa = XCBuildConfiguration;
			buildSettings = {
				ALWAYS_SEARCH_USER_PATHS = NO;
				CLANG_ANALYZER_NONNULL = YES;
				CLANG_ANALYZER_NUMBER_OBJECT_CONVERSION = YES_AGGRESSIVE;
				CLANG_CXX_LANGUAGE_STANDARD = "gnu++20";
				CLANG_ENABLE_MODULES = YES;
				CLANG_ENABLE_OBJC_ARC = YES;
				CLANG_ENABLE_OBJC_WEAK = YES;
				CLANG_WARN_BLOCK_CAPTURE_AUTORELEASING = YES;
				CLANG_WARN_BOOL_CONVERSION = YES;
				CLANG_WARN_COMMA = YES;
				CLANG_WARN_CONSTANT_CONVERSION = YES;
				CLANG_WARN_DEPRECATED_OBJC_IMPLEMENTATIONS = YES;
				CLANG_WARN_DIRECT_OBJC_ISA_USAGE = YES_ERROR;
				CLANG_WARN_DOCUMENTATION_COMMENTS = YES;
				CLANG_WARN_EMPTY_BODY = YES;
				CLANG_WARN_ENUM_CONVERSION = YES;
				CLANG_WARN_INFINITE_RECURSION = YES;
				CLANG_WARN_INT_CONVERSION = YES;
				CLANG_WARN_NON_LITERAL_NULL_CONVERSION = YES;
				CLANG_WARN_OBJC_IMPLICIT_RETAIN_SELF = YES;
				CLANG_WARN_OBJC_LITERAL_CONVERSION = YES;
				CLANG_WARN_OBJC_ROOT_CLASS = YES_ERROR;
				CLANG_WARN_QUOTED_INCLUDE_IN_FRAMEWORK_HEADER = YES;
				CLANG_WARN_RANGE_LOOP_ANALYSIS = YES;
				CLANG_WARN_STRICT_PROTOTYPES = YES;
				CLANG_WARN_SUSPICIOUS_MOVE = YES;
				CLANG_WARN_UNGUARDED_AVAILABILITY = YES_AGGRESSIVE;
				CLANG_WARN_UNREACHABLE_CODE = YES;
				CLANG_WARN__DUPLICATE_METHOD_MATCH = YES;
				COPY_PHASE_STRIP = NO;
				DEBUG_INFORMATION_FORMAT = "dwarf-with-dsym";
				ENABLE_NS_ASSERTIONS = NO;
				ENABLE_STRICT_OBJC_MSGSEND = YES;
				GCC_C_LANGUAGE_STANDARD = gnu11;
				GCC_NO_COMMON_BLOCKS = YES;
				GCC_WARN_64_TO_32_BIT_CONVERSION = YES;
				GCC_WARN_ABOUT_RETURN_TYPE = YES_ERROR;
				GCC_WARN_UNDECLARED_SELECTOR = YES;
				GCC_WARN_UNINITIALIZED_AUTOS = YES_AGGRESSIVE;
				GCC_WARN_UNUSED_FUNCTION = YES;
				GCC_WARN_UNUSED_VARIABLE = YES;
				IPHONEOS_DEPLOYMENT_TARGET = 16.0;
				MTL_ENABLE_DEBUG_INFO = NO;
				MTL_FAST_MATH = YES;
				SDKROOT = iphoneos;
				SWIFT_COMPILATION_MODE = wholemodule;
				SWIFT_OPTIMIZATION_LEVEL = "-O";
				VALIDATE_PRODUCT = YES;
			};
			name = Release;
		};
		54A8031029A7042200935E68 /* Debug */ = {
			isa = XCBuildConfiguration;
			baseConfigurationReference = 06B82F53D67CAC3696EE16C7 /* Pods-Final_exercise.debug.xcconfig */;
			buildSettings = {
				ASSETCATALOG_COMPILER_APPICON_NAME = AppIcon;
				ASSETCATALOG_COMPILER_GLOBAL_ACCENT_COLOR_NAME = AccentColor;
				CODE_SIGN_STYLE = Automatic;
				CURRENT_PROJECT_VERSION = 1;
				GENERATE_INFOPLIST_FILE = YES;
				INFOPLIST_FILE = Final_exercise/Info.plist;
				INFOPLIST_KEY_UIApplicationSupportsIndirectInputEvents = YES;
				INFOPLIST_KEY_UILaunchStoryboardName = LaunchScreen;
				INFOPLIST_KEY_UIMainStoryboardFile = Main;
				INFOPLIST_KEY_UISupportedInterfaceOrientations_iPad = "UIInterfaceOrientationPortrait UIInterfaceOrientationPortraitUpsideDown UIInterfaceOrientationLandscapeLeft UIInterfaceOrientationLandscapeRight";
				INFOPLIST_KEY_UISupportedInterfaceOrientations_iPhone = "UIInterfaceOrientationPortrait UIInterfaceOrientationLandscapeLeft UIInterfaceOrientationLandscapeRight";
				LD_RUNPATH_SEARCH_PATHS = (
					"$(inherited)",
					"@executable_path/Frameworks",
				);
				MARKETING_VERSION = 1.0;
				PRODUCT_BUNDLE_IDENTIFIER = "com.Lamvt.Test.Final-exercise";
				PRODUCT_NAME = "$(TARGET_NAME)";
				SWIFT_EMIT_LOC_STRINGS = YES;
				SWIFT_VERSION = 5.0;
				TARGETED_DEVICE_FAMILY = "1,2";
			};
			name = Debug;
		};
		54A8031129A7042200935E68 /* Release */ = {
			isa = XCBuildConfiguration;
			baseConfigurationReference = 9C58C904854E46DCC8F57F37 /* Pods-Final_exercise.release.xcconfig */;
			buildSettings = {
				ASSETCATALOG_COMPILER_APPICON_NAME = AppIcon;
				ASSETCATALOG_COMPILER_GLOBAL_ACCENT_COLOR_NAME = AccentColor;
				CODE_SIGN_STYLE = Automatic;
				CURRENT_PROJECT_VERSION = 1;
				GENERATE_INFOPLIST_FILE = YES;
				INFOPLIST_FILE = Final_exercise/Info.plist;
				INFOPLIST_KEY_UIApplicationSupportsIndirectInputEvents = YES;
				INFOPLIST_KEY_UILaunchStoryboardName = LaunchScreen;
				INFOPLIST_KEY_UIMainStoryboardFile = Main;
				INFOPLIST_KEY_UISupportedInterfaceOrientations_iPad = "UIInterfaceOrientationPortrait UIInterfaceOrientationPortraitUpsideDown UIInterfaceOrientationLandscapeLeft UIInterfaceOrientationLandscapeRight";
				INFOPLIST_KEY_UISupportedInterfaceOrientations_iPhone = "UIInterfaceOrientationPortrait UIInterfaceOrientationLandscapeLeft UIInterfaceOrientationLandscapeRight";
				LD_RUNPATH_SEARCH_PATHS = (
					"$(inherited)",
					"@executable_path/Frameworks",
				);
				MARKETING_VERSION = 1.0;
				PRODUCT_BUNDLE_IDENTIFIER = "com.Lamvt.Test.Final-exercise";
				PRODUCT_NAME = "$(TARGET_NAME)";
				SWIFT_EMIT_LOC_STRINGS = YES;
				SWIFT_VERSION = 5.0;
				TARGETED_DEVICE_FAMILY = "1,2";
			};
			name = Release;
		};
		54A8031329A7042200935E68 /* Debug */ = {
			isa = XCBuildConfiguration;
			baseConfigurationReference = 671A577CDA7BBC75CC0CFBCB /* Pods-Final_exerciseTests.debug.xcconfig */;
			buildSettings = {
				ALWAYS_EMBED_SWIFT_STANDARD_LIBRARIES = YES;
				BUNDLE_LOADER = "$(TEST_HOST)";
				CODE_SIGN_STYLE = Automatic;
				CURRENT_PROJECT_VERSION = 1;
				GENERATE_INFOPLIST_FILE = YES;
				IPHONEOS_DEPLOYMENT_TARGET = 16.0;
				MARKETING_VERSION = 1.0;
				PRODUCT_BUNDLE_IDENTIFIER = "com.Lamvt.Test.Final-exerciseTests";
				PRODUCT_NAME = "$(TARGET_NAME)";
				SWIFT_EMIT_LOC_STRINGS = NO;
				SWIFT_VERSION = 5.0;
				TARGETED_DEVICE_FAMILY = "1,2";
				TEST_HOST = "$(BUILT_PRODUCTS_DIR)/Final_exercise.app/$(BUNDLE_EXECUTABLE_FOLDER_PATH)/Final_exercise";
			};
			name = Debug;
		};
		54A8031429A7042200935E68 /* Release */ = {
			isa = XCBuildConfiguration;
			baseConfigurationReference = E90BD87CB987621FC2C29C02 /* Pods-Final_exerciseTests.release.xcconfig */;
			buildSettings = {
				ALWAYS_EMBED_SWIFT_STANDARD_LIBRARIES = YES;
				BUNDLE_LOADER = "$(TEST_HOST)";
				CODE_SIGN_STYLE = Automatic;
				CURRENT_PROJECT_VERSION = 1;
				GENERATE_INFOPLIST_FILE = YES;
				IPHONEOS_DEPLOYMENT_TARGET = 16.0;
				MARKETING_VERSION = 1.0;
				PRODUCT_BUNDLE_IDENTIFIER = "com.Lamvt.Test.Final-exerciseTests";
				PRODUCT_NAME = "$(TARGET_NAME)";
				SWIFT_EMIT_LOC_STRINGS = NO;
				SWIFT_VERSION = 5.0;
				TARGETED_DEVICE_FAMILY = "1,2";
				TEST_HOST = "$(BUILT_PRODUCTS_DIR)/Final_exercise.app/$(BUNDLE_EXECUTABLE_FOLDER_PATH)/Final_exercise";
			};
			name = Release;
		};
		54A8031629A7042200935E68 /* Debug */ = {
			isa = XCBuildConfiguration;
			baseConfigurationReference = 34058E177087AEA3F1FDF2A1 /* Pods-Final_exercise-Final_exerciseUITests.debug.xcconfig */;
			buildSettings = {
				ALWAYS_EMBED_SWIFT_STANDARD_LIBRARIES = YES;
				CODE_SIGN_STYLE = Automatic;
				CURRENT_PROJECT_VERSION = 1;
				GENERATE_INFOPLIST_FILE = YES;
				MARKETING_VERSION = 1.0;
				PRODUCT_BUNDLE_IDENTIFIER = "com.Lamvt.Test.Final-exerciseUITests";
				PRODUCT_NAME = "$(TARGET_NAME)";
				SWIFT_EMIT_LOC_STRINGS = NO;
				SWIFT_VERSION = 5.0;
				TARGETED_DEVICE_FAMILY = "1,2";
				TEST_TARGET_NAME = Final_exercise;
			};
			name = Debug;
		};
		54A8031729A7042200935E68 /* Release */ = {
			isa = XCBuildConfiguration;
			baseConfigurationReference = 7A15CA420FF6581CEB1024D3 /* Pods-Final_exercise-Final_exerciseUITests.release.xcconfig */;
			buildSettings = {
				ALWAYS_EMBED_SWIFT_STANDARD_LIBRARIES = YES;
				CODE_SIGN_STYLE = Automatic;
				CURRENT_PROJECT_VERSION = 1;
				GENERATE_INFOPLIST_FILE = YES;
				MARKETING_VERSION = 1.0;
				PRODUCT_BUNDLE_IDENTIFIER = "com.Lamvt.Test.Final-exerciseUITests";
				PRODUCT_NAME = "$(TARGET_NAME)";
				SWIFT_EMIT_LOC_STRINGS = NO;
				SWIFT_VERSION = 5.0;
				TARGETED_DEVICE_FAMILY = "1,2";
				TEST_TARGET_NAME = Final_exercise;
			};
			name = Release;
		};
/* End XCBuildConfiguration section */

/* Begin XCConfigurationList section */
		54A802E029A7042000935E68 /* Build configuration list for PBXProject "Final_exercise" */ = {
			isa = XCConfigurationList;
			buildConfigurations = (
				54A8030D29A7042200935E68 /* Debug */,
				54A8030E29A7042200935E68 /* Release */,
			);
			defaultConfigurationIsVisible = 0;
			defaultConfigurationName = Release;
		};
		54A8030F29A7042200935E68 /* Build configuration list for PBXNativeTarget "Final_exercise" */ = {
			isa = XCConfigurationList;
			buildConfigurations = (
				54A8031029A7042200935E68 /* Debug */,
				54A8031129A7042200935E68 /* Release */,
			);
			defaultConfigurationIsVisible = 0;
			defaultConfigurationName = Release;
		};
		54A8031229A7042200935E68 /* Build configuration list for PBXNativeTarget "Final_exerciseTests" */ = {
			isa = XCConfigurationList;
			buildConfigurations = (
				54A8031329A7042200935E68 /* Debug */,
				54A8031429A7042200935E68 /* Release */,
			);
			defaultConfigurationIsVisible = 0;
			defaultConfigurationName = Release;
		};
		54A8031529A7042200935E68 /* Build configuration list for PBXNativeTarget "Final_exerciseUITests" */ = {
			isa = XCConfigurationList;
			buildConfigurations = (
				54A8031629A7042200935E68 /* Debug */,
				54A8031729A7042200935E68 /* Release */,
			);
			defaultConfigurationIsVisible = 0;
			defaultConfigurationName = Release;
		};
/* End XCConfigurationList section */
	};
	rootObject = 54A802DD29A7042000935E68 /* Project object */;
}
